
Microsoft Visual Studio Solution File, Format Version 12.00
Project("{FAE04EC0-301F-11D3-BF4B-00C04F79EFBC}") = "EqualExperts", "EqualExperts\EqualExperts.csproj", "{7488E76F-7D6B-48C6-A229-0AD025E05887}"
EndProject
Project("{FAE04EC0-301F-11D3-BF4B-00C04F79EFBC}") = "EqualExperts.Tests", "EqualExperts.Tests\EqualExperts.Tests.csproj", "{6669076F-BDC6-4A8D-8B76-71799C8AFE3A}"
EndProject
Global
	GlobalSection(SolutionConfigurationPlatforms) = preSolution
		Debug|Any CPU = Debug|Any CPU
		Release|Any CPU = Release|Any CPU
	EndGlobalSection
	GlobalSection(ProjectConfigurationPlatforms) = postSolution
		{7488E76F-7D6B-48C6-A229-0AD025E05887}.Debug|Any CPU.ActiveCfg = Debug|Any CPU
		{7488E76F-7D6B-48C6-A229-0AD025E05887}.Debug|Any CPU.Build.0 = Debug|Any CPU
		{7488E76F-7D6B-48C6-A229-0AD025E05887}.Release|Any CPU.ActiveCfg = Release|Any CPU
		{7488E76F-7D6B-48C6-A229-0AD025E05887}.Release|Any CPU.Build.0 = Release|Any CPU
		{6669076F-BDC6-4A8D-8B76-71799C8AFE3A}.Debug|Any CPU.ActiveCfg = Debug|Any CPU
		{6669076F-BDC6-4A8D-8B76-71799C8AFE3A}.Debug|Any CPU.Build.0 = Debug|Any CPU
		{6669076F-BDC6-4A8D-8B76-71799C8AFE3A}.Release|Any CPU.ActiveCfg = Release|Any CPU
		{6669076F-BDC6-4A8D-8B76-71799C8AFE3A}.Release|Any CPU.Build.0 = Release|Any CPU
	EndGlobalSection
EndGlobal
